
Microsoft Visual Studio Solution File, Format Version 12.00
# Visual Studio Version 17
VisualStudioVersion = 17.5.33414.496
MinimumVisualStudioVersion = 10.0.40219.1
Project("{9A19103F-16F7-4668-BE54-9A1E7A4F7556}") = "Analyzer", "analyzer\Analyzer.csproj", "{4BCC070C-1F2F-432E-8B67-490DFB964789}"
EndProject
Project("{9A19103F-16F7-4668-BE54-9A1E7A4F7556}") = "OnlineCompiler", "OnlineCompiler\OnlineCompiler.csproj", "{B83F5BBD-1377-4916-930B-6C9964E99373}"
EndProject
Project("{FAE04EC0-301F-11D3-BF4B-00C04F79EFBC}") = "CompileApi", "CompileApi\CompileApi.csproj", "{2EE7A183-9549-4E2F-A1A3-07B2B946F288}"
EndProject
Global
	GlobalSection(SolutionConfigurationPlatforms) = preSolution
		Debug|Any CPU = Debug|Any CPU
		Release|Any CPU = Release|Any CPU
	EndGlobalSection
	GlobalSection(ProjectConfigurationPlatforms) = postSolution
		{4BCC070C-1F2F-432E-8B67-490DFB964789}.Debug|Any CPU.ActiveCfg = Debug|Any CPU
		{4BCC070C-1F2F-432E-8B67-490DFB964789}.Debug|Any CPU.Build.0 = Debug|Any CPU
		{4BCC070C-1F2F-432E-8B67-490DFB964789}.Release|Any CPU.ActiveCfg = Release|Any CPU
		{4BCC070C-1F2F-432E-8B67-490DFB964789}.Release|Any CPU.Build.0 = Release|Any CPU
		{B83F5BBD-1377-4916-930B-6C9964E99373}.Debug|Any CPU.ActiveCfg = Debug|Any CPU
		{B83F5BBD-1377-4916-930B-6C9964E99373}.Debug|Any CPU.Build.0 = Debug|Any CPU
		{B83F5BBD-1377-4916-930B-6C9964E99373}.Release|Any CPU.ActiveCfg = Release|Any CPU
		{B83F5BBD-1377-4916-930B-6C9964E99373}.Release|Any CPU.Build.0 = Release|Any CPU
		{2EE7A183-9549-4E2F-A1A3-07B2B946F288}.Debug|Any CPU.ActiveCfg = Debug|Any CPU
		{2EE7A183-9549-4E2F-A1A3-07B2B946F288}.Debug|Any CPU.Build.0 = Debug|Any CPU
		{2EE7A183-9549-4E2F-A1A3-07B2B946F288}.Release|Any CPU.ActiveCfg = Release|Any CPU
		{2EE7A183-9549-4E2F-A1A3-07B2B946F288}.Release|Any CPU.Build.0 = Release|Any CPU
	EndGlobalSection
	GlobalSection(SolutionProperties) = preSolution
		HideSolutionNode = FALSE
	EndGlobalSection
	GlobalSection(ExtensibilityGlobals) = postSolution
		SolutionGuid = {729CF39D-F6A4-4C92-B092-420ECF8FB867}
	EndGlobalSection
EndGlobal
