
Microsoft Visual Studio Solution File, Format Version 12.00
# Visual Studio Version 17
VisualStudioVersion = 17.5.33414.496
MinimumVisualStudioVersion = 10.0.40219.1
Project("{9A19103F-16F7-4668-BE54-9A1E7A4F7556}") = "WebSharpCompilerBusiness", "WebSharpCompilerBusiness\WebSharpCompilerBusiness.csproj", "{8FC38CE9-C1AD-434A-91D2-57810F0BA951}"
EndProject
Project("{9A19103F-16F7-4668-BE54-9A1E7A4F7556}") = "WebSharpCompilerTest", "WebSharpCompilerTest\WebSharpCompilerTest.csproj", "{6C4B70E4-A8B2-4FF9-AC2D-AE9FF333D9F9}"
EndProject
Project("{FAE04EC0-301F-11D3-BF4B-00C04F79EFBC}") = "WebSharpCompiler", "WebTest\WebSharpCompiler.csproj", "{A11D4698-1FCC-45E4-A007-79E88667A1AF}"
EndProject
Global
	GlobalSection(SolutionConfigurationPlatforms) = preSolution
		Debug|Any CPU = Debug|Any CPU
		Release|Any CPU = Release|Any CPU
	EndGlobalSection
	GlobalSection(ProjectConfigurationPlatforms) = postSolution
		{8FC38CE9-C1AD-434A-91D2-57810F0BA951}.Debug|Any CPU.ActiveCfg = Debug|Any CPU
		{8FC38CE9-C1AD-434A-91D2-57810F0BA951}.Debug|Any CPU.Build.0 = Debug|Any CPU
		{8FC38CE9-C1AD-434A-91D2-57810F0BA951}.Release|Any CPU.ActiveCfg = Release|Any CPU
		{8FC38CE9-C1AD-434A-91D2-57810F0BA951}.Release|Any CPU.Build.0 = Release|Any CPU
		{6C4B70E4-A8B2-4FF9-AC2D-AE9FF333D9F9}.Debug|Any CPU.ActiveCfg = Debug|Any CPU
		{6C4B70E4-A8B2-4FF9-AC2D-AE9FF333D9F9}.Debug|Any CPU.Build.0 = Debug|Any CPU
		{6C4B70E4-A8B2-4FF9-AC2D-AE9FF333D9F9}.Release|Any CPU.ActiveCfg = Release|Any CPU
		{6C4B70E4-A8B2-4FF9-AC2D-AE9FF333D9F9}.Release|Any CPU.Build.0 = Release|Any CPU
		{A11D4698-1FCC-45E4-A007-79E88667A1AF}.Debug|Any CPU.ActiveCfg = Debug|Any CPU
		{A11D4698-1FCC-45E4-A007-79E88667A1AF}.Debug|Any CPU.Build.0 = Debug|Any CPU
		{A11D4698-1FCC-45E4-A007-79E88667A1AF}.Release|Any CPU.ActiveCfg = Release|Any CPU
		{A11D4698-1FCC-45E4-A007-79E88667A1AF}.Release|Any CPU.Build.0 = Release|Any CPU
	EndGlobalSection
	GlobalSection(SolutionProperties) = preSolution
		HideSolutionNode = FALSE
	EndGlobalSection
	GlobalSection(ExtensibilityGlobals) = postSolution
		SolutionGuid = {439FA765-8A53-4B65-B7CA-FBAA6B6CECA7}
	EndGlobalSection
EndGlobal
